<Solution>
  <Folder Name="/src/">
    <Project Path="src/Monetra.Api/Monetra.Api.csproj" />
    <Project Path="src/Monetra.Application/Monetra.Application.csproj" />
    <Project Path="src/Monetra.Core/Monetra.Core.csproj" />
    <Project Path="src/Monetra.Infrastructure/Monetra.Infrastructure.csproj" />
    <Project Path="src/Monetra.Scheduler/Monetra.Scheduler.csproj" />
  </Folder>
  <Folder Name="/tests/">
    <Project Path="tests/Monetra.Tests.E2E/Monetra.Tests.E2E.csproj" />
    <Project Path="tests/Monetra.Tests.Integration/Monetra.Tests.Integration.csproj" />
    <Project Path="tests/Monetra.Tests.Unit/Monetra.Tests.Unit.csproj" />
  </Folder>
</Solution>
